
Microsoft Visual Studio Solution File, Format Version 12.00
# Visual Studio Version 17
VisualStudioVersion = 17.4.33213.308
MinimumVisualStudioVersion = 10.0.40219.1
Project("{9A19103F-16F7-4668-BE54-9A1E7A4F7556}") = "Disarray", "src\Disarray\Disarray.csproj", "{C25A9D6C-6BA5-478A-A7C4-10290FF4DCBC}"
EndProject
Project("{FAE04EC0-301F-11D3-BF4B-00C04F79EFBC}") = "FNA", "src\FNA\FNA.csproj", "{35253CE1-C864-4CD3-8249-4D1319748E8F}"
EndProject
Project("{9A19103F-16F7-4668-BE54-9A1E7A4F7556}") = "MonoGame.Extended", "src\MonoGame.Extended\src\cs\MonoGame.Extended\MonoGame.Extended.csproj", "{5A96410A-15D5-41C5-8150-7F708227014A}"
EndProject
Project("{9A19103F-16F7-4668-BE54-9A1E7A4F7556}") = "TiledCS", "src\TiledCS\src\TiledCS.csproj", "{9BCB0017-3982-4B93-A54A-F94050113BCF}"
EndProject
Global
	GlobalSection(SolutionConfigurationPlatforms) = preSolution
		Debug|Any CPU = Debug|Any CPU
		Debug|x64 = Debug|x64
		Debug|x86 = Debug|x86
		Release|Any CPU = Release|Any CPU
		Release|x64 = Release|x64
		Release|x86 = Release|x86
	EndGlobalSection
	GlobalSection(ProjectConfigurationPlatforms) = postSolution
		{C25A9D6C-6BA5-478A-A7C4-10290FF4DCBC}.Debug|Any CPU.ActiveCfg = Debug|Any CPU
		{C25A9D6C-6BA5-478A-A7C4-10290FF4DCBC}.Debug|Any CPU.Build.0 = Debug|Any CPU
		{C25A9D6C-6BA5-478A-A7C4-10290FF4DCBC}.Debug|x64.ActiveCfg = Debug|x64
		{C25A9D6C-6BA5-478A-A7C4-10290FF4DCBC}.Debug|x64.Build.0 = Debug|x64
		{C25A9D6C-6BA5-478A-A7C4-10290FF4DCBC}.Debug|x86.ActiveCfg = Debug|Any CPU
		{C25A9D6C-6BA5-478A-A7C4-10290FF4DCBC}.Debug|x86.Build.0 = Debug|Any CPU
		{C25A9D6C-6BA5-478A-A7C4-10290FF4DCBC}.Release|Any CPU.ActiveCfg = Release|Any CPU
		{C25A9D6C-6BA5-478A-A7C4-10290FF4DCBC}.Release|Any CPU.Build.0 = Release|Any CPU
		{C25A9D6C-6BA5-478A-A7C4-10290FF4DCBC}.Release|x64.ActiveCfg = Release|x64
		{C25A9D6C-6BA5-478A-A7C4-10290FF4DCBC}.Release|x64.Build.0 = Release|x64
		{C25A9D6C-6BA5-478A-A7C4-10290FF4DCBC}.Release|x86.ActiveCfg = Release|Any CPU
		{C25A9D6C-6BA5-478A-A7C4-10290FF4DCBC}.Release|x86.Build.0 = Release|Any CPU
		{35253CE1-C864-4CD3-8249-4D1319748E8F}.Debug|Any CPU.ActiveCfg = Debug|Any CPU
		{35253CE1-C864-4CD3-8249-4D1319748E8F}.Debug|Any CPU.Build.0 = Debug|Any CPU
		{35253CE1-C864-4CD3-8249-4D1319748E8F}.Debug|x64.ActiveCfg = Debug|x64
		{35253CE1-C864-4CD3-8249-4D1319748E8F}.Debug|x64.Build.0 = Debug|x64
		{35253CE1-C864-4CD3-8249-4D1319748E8F}.Debug|x86.ActiveCfg = Debug|x86
		{35253CE1-C864-4CD3-8249-4D1319748E8F}.Debug|x86.Build.0 = Debug|x86
		{35253CE1-C864-4CD3-8249-4D1319748E8F}.Release|Any CPU.ActiveCfg = Release|Any CPU
		{35253CE1-C864-4CD3-8249-4D1319748E8F}.Release|Any CPU.Build.0 = Release|Any CPU
		{35253CE1-C864-4CD3-8249-4D1319748E8F}.Release|x64.ActiveCfg = Release|x64
		{35253CE1-C864-4CD3-8249-4D1319748E8F}.Release|x64.Build.0 = Release|x64
		{35253CE1-C864-4CD3-8249-4D1319748E8F}.Release|x86.ActiveCfg = Release|x86
		{35253CE1-C864-4CD3-8249-4D1319748E8F}.Release|x86.Build.0 = Release|x86
		{5A96410A-15D5-41C5-8150-7F708227014A}.Debug|Any CPU.ActiveCfg = Debug|Any CPU
		{5A96410A-15D5-41C5-8150-7F708227014A}.Debug|Any CPU.Build.0 = Debug|Any CPU
		{5A96410A-15D5-41C5-8150-7F708227014A}.Debug|x64.ActiveCfg = Debug|Any CPU
		{5A96410A-15D5-41C5-8150-7F708227014A}.Debug|x64.Build.0 = Debug|Any CPU
		{5A96410A-15D5-41C5-8150-7F708227014A}.Debug|x86.ActiveCfg = Debug|Any CPU
		{5A96410A-15D5-41C5-8150-7F708227014A}.Debug|x86.Build.0 = Debug|Any CPU
		{5A96410A-15D5-41C5-8150-7F708227014A}.Release|Any CPU.ActiveCfg = Release|Any CPU
		{5A96410A-15D5-41C5-8150-7F708227014A}.Release|Any CPU.Build.0 = Release|Any CPU
		{5A96410A-15D5-41C5-8150-7F708227014A}.Release|x64.ActiveCfg = Release|Any CPU
		{5A96410A-15D5-41C5-8150-7F708227014A}.Release|x64.Build.0 = Release|Any CPU
		{5A96410A-15D5-41C5-8150-7F708227014A}.Release|x86.ActiveCfg = Release|Any CPU
		{5A96410A-15D5-41C5-8150-7F708227014A}.Release|x86.Build.0 = Release|Any CPU
		{9BCB0017-3982-4B93-A54A-F94050113BCF}.Debug|Any CPU.ActiveCfg = Debug|Any CPU
		{9BCB0017-3982-4B93-A54A-F94050113BCF}.Debug|Any CPU.Build.0 = Debug|Any CPU
		{9BCB0017-3982-4B93-A54A-F94050113BCF}.Debug|x64.ActiveCfg = Debug|Any CPU
		{9BCB0017-3982-4B93-A54A-F94050113BCF}.Debug|x64.Build.0 = Debug|Any CPU
		{9BCB0017-3982-4B93-A54A-F94050113BCF}.Debug|x86.ActiveCfg = Debug|Any CPU
		{9BCB0017-3982-4B93-A54A-F94050113BCF}.Debug|x86.Build.0 = Debug|Any CPU
		{9BCB0017-3982-4B93-A54A-F94050113BCF}.Release|Any CPU.ActiveCfg = Release|Any CPU
		{9BCB0017-3982-4B93-A54A-F94050113BCF}.Release|Any CPU.Build.0 = Release|Any CPU
		{9BCB0017-3982-4B93-A54A-F94050113BCF}.Release|x64.ActiveCfg = Release|Any CPU
		{9BCB0017-3982-4B93-A54A-F94050113BCF}.Release|x64.Build.0 = Release|Any CPU
		{9BCB0017-3982-4B93-A54A-F94050113BCF}.Release|x86.ActiveCfg = Release|Any CPU
		{9BCB0017-3982-4B93-A54A-F94050113BCF}.Release|x86.Build.0 = Release|Any CPU
	EndGlobalSection
	GlobalSection(SolutionProperties) = preSolution
		HideSolutionNode = FALSE
	EndGlobalSection
	GlobalSection(ExtensibilityGlobals) = postSolution
		SolutionGuid = {7069748F-DB60-473F-9D94-7309D101BE19}
	EndGlobalSection
EndGlobal
